// !$*UTF8*$!
{
	archiveVersion = 1;
	classes = {
	};
	objectVersion = 51;
	objects = {

/* Begin PBXBuildFile section */
		4F213279A144781E0C70EEF1 /* Pods_SunshineTests.framework in Frameworks */ = {isa = PBXBuildFile; fileRef = 8AFC54EEC2D8C60A4CEAD88E /* Pods_SunshineTests.framework */; };
		88E3B49850504940DEAF3625 /* Pods_Sunshine.framework in Frameworks */ = {isa = PBXBuildFile; fileRef = EFE32072F927F26406D9E996 /* Pods_Sunshine.framework */; };
		89A7BDA64F99958F0E1A4C42 /* Pods_SunshineUITests.framework in Frameworks */ = {isa = PBXBuildFile; fileRef = FFBE2C1051624FCA0EBCE0D0 /* Pods_SunshineUITests.framework */; };
		C497B6C12308CA2100DB043C /* AppDelegate.swift in Sources */ = {isa = PBXBuildFile; fileRef = C497B6C02308CA2100DB043C /* AppDelegate.swift */; };
		C497B6C32308CA2100DB043C /* HomeViewController.swift in Sources */ = {isa = PBXBuildFile; fileRef = C497B6C22308CA2100DB043C /* HomeViewController.swift */; };
		C497B6C62308CA2100DB043C /* Main.storyboard in Resources */ = {isa = PBXBuildFile; fileRef = C497B6C42308CA2100DB043C /* Main.storyboard */; };
		C497B6C92308CA2100DB043C /* Sunshine.xcdatamodeld in Sources */ = {isa = PBXBuildFile; fileRef = C497B6C72308CA2100DB043C /* Sunshine.xcdatamodeld */; };
		C497B6CE2308CA2300DB043C /* LaunchScreen.storyboard in Resources */ = {isa = PBXBuildFile; fileRef = C497B6CC2308CA2300DB043C /* LaunchScreen.storyboard */; };
		C497B6D92308CA2300DB043C /* SunshineTests.swift in Sources */ = {isa = PBXBuildFile; fileRef = C497B6D82308CA2300DB043C /* SunshineTests.swift */; };
		C497B6E42308CA2300DB043C /* SunshineUITests.swift in Sources */ = {isa = PBXBuildFile; fileRef = C497B6E32308CA2300DB043C /* SunshineUITests.swift */; };
		C4C24CFB230DEB3700F4CE05 /* SettingsViewController.swift in Sources */ = {isa = PBXBuildFile; fileRef = C4C24CFA230DEB3700F4CE05 /* SettingsViewController.swift */; };
		C4C24CFD230DEC0900F4CE05 /* UIColor+Extensions.swift in Sources */ = {isa = PBXBuildFile; fileRef = C4C24CFC230DEC0900F4CE05 /* UIColor+Extensions.swift */; };
		C4C24D00230DFA6C00F4CE05 /* R.generated.swift in Sources */ = {isa = PBXBuildFile; fileRef = C4C24CFF230DFA6C00F4CE05 /* R.generated.swift */; };
		C4C24D03230E972600F4CE05 /* WeatherView.swift in Sources */ = {isa = PBXBuildFile; fileRef = C4C24D02230E972600F4CE05 /* WeatherView.swift */; };
		C4C24D05230E97D700F4CE05 /* UIView+Extensions.swift in Sources */ = {isa = PBXBuildFile; fileRef = C4C24D04230E97D700F4CE05 /* UIView+Extensions.swift */; };
		C4C24D0C230EB04900F4CE05 /* Assets.xcassets in Resources */ = {isa = PBXBuildFile; fileRef = C4C24D0B230EB04900F4CE05 /* Assets.xcassets */; };
		C4C24D10230EB64E00F4CE05 /* ForcastPagerViewCell.swift in Sources */ = {isa = PBXBuildFile; fileRef = C4C24D0E230EB64E00F4CE05 /* ForcastPagerViewCell.swift */; };
		C4C24D11230EB64E00F4CE05 /* ForcastPagerViewCell.xib in Resources */ = {isa = PBXBuildFile; fileRef = C4C24D0F230EB64E00F4CE05 /* ForcastPagerViewCell.xib */; };
		C4C24D16230EC1DB00F4CE05 /* HomeViewModel.swift in Sources */ = {isa = PBXBuildFile; fileRef = C4C24D15230EC1DB00F4CE05 /* HomeViewModel.swift */; };
		C4C24D18230EC3E300F4CE05 /* UIViewController+Extensions.swift in Sources */ = {isa = PBXBuildFile; fileRef = C4C24D17230EC3E300F4CE05 /* UIViewController+Extensions.swift */; };
		C4C24D1B230F459400F4CE05 /* DetailViewController.swift in Sources */ = {isa = PBXBuildFile; fileRef = C4C24D1A230F459400F4CE05 /* DetailViewController.swift */; };
		C4C24D1E230FEBC500F4CE05 /* Util.swift in Sources */ = {isa = PBXBuildFile; fileRef = C4C24D1D230FEBC500F4CE05 /* Util.swift */; };
		C4DE3BE9230C3B3000497BAE /* ApiClient.swift in Sources */ = {isa = PBXBuildFile; fileRef = C4DE3BE8230C3B3000497BAE /* ApiClient.swift */; };
		C4DE3BEB230C3BED00497BAE /* ApiCleint+Constants.swift in Sources */ = {isa = PBXBuildFile; fileRef = C4DE3BEA230C3BED00497BAE /* ApiCleint+Constants.swift */; };
		C4DE3BEE230C3F4200497BAE /* Dictionary+Extensions.swift in Sources */ = {isa = PBXBuildFile; fileRef = C4DE3BED230C3F4200497BAE /* Dictionary+Extensions.swift */; };
		C4DE3BF1230C470A00497BAE /* ForcastResponse.swift in Sources */ = {isa = PBXBuildFile; fileRef = C4DE3BF0230C470A00497BAE /* ForcastResponse.swift */; };
		C4DE3BF9230C47F800497BAE /* WeatherItem.swift in Sources */ = {isa = PBXBuildFile; fileRef = C4DE3BF2230C47F800497BAE /* WeatherItem.swift */; };
		C4DE3BFA230C47F800497BAE /* Clouds.swift in Sources */ = {isa = PBXBuildFile; fileRef = C4DE3BF3230C47F800497BAE /* Clouds.swift */; };
		C4DE3BFB230C47F800497BAE /* ForcastItem.swift in Sources */ = {isa = PBXBuildFile; fileRef = C4DE3BF4230C47F800497BAE /* ForcastItem.swift */; };
		C4DE3BFC230C47F800497BAE /* Main.swift in Sources */ = {isa = PBXBuildFile; fileRef = C4DE3BF5230C47F800497BAE /* Main.swift */; };
		C4DE3BFD230C47F800497BAE /* Wind.swift in Sources */ = {isa = PBXBuildFile; fileRef = C4DE3BF6230C47F800497BAE /* Wind.swift */; };
/* End PBXBuildFile section */

/* Begin PBXContainerItemProxy section */
		C497B6D52308CA2300DB043C /* PBXContainerItemProxy */ = {
			isa = PBXContainerItemProxy;
			containerPortal = C497B6B52308CA2100DB043C /* Project object */;
			proxyType = 1;
			remoteGlobalIDString = C497B6BC2308CA2100DB043C;
			remoteInfo = Sunshine;
		};
		C497B6E02308CA2300DB043C /* PBXContainerItemProxy */ = {
			isa = PBXContainerItemProxy;
			containerPortal = C497B6B52308CA2100DB043C /* Project object */;
			proxyType = 1;
			remoteGlobalIDString = C497B6BC2308CA2100DB043C;
			remoteInfo = Sunshine;
		};
/* End PBXContainerItemProxy section */

/* Begin PBXFileReference section */
		0B7988F09F26A34FCD5832E1 /* Pods-Sunshine.debug.xcconfig */ = {isa = PBXFileReference; includeInIndex = 1; lastKnownFileType = text.xcconfig; name = "Pods-Sunshine.debug.xcconfig"; path = "Target Support Files/Pods-Sunshine/Pods-Sunshine.debug.xcconfig"; sourceTree = "<group>"; };
		3BE5E1CE8FD9AAF77AB58BC0 /* Pods-SunshineTests.release.xcconfig */ = {isa = PBXFileReference; includeInIndex = 1; lastKnownFileType = text.xcconfig; name = "Pods-SunshineTests.release.xcconfig"; path = "Target Support Files/Pods-SunshineTests/Pods-SunshineTests.release.xcconfig"; sourceTree = "<group>"; };
		59105E38EC6B34CA2C1C545B /* Pods-SunshineUITests.release.xcconfig */ = {isa = PBXFileReference; includeInIndex = 1; lastKnownFileType = text.xcconfig; name = "Pods-SunshineUITests.release.xcconfig"; path = "Target Support Files/Pods-SunshineUITests/Pods-SunshineUITests.release.xcconfig"; sourceTree = "<group>"; };
		6C53F5A3542192D10D8299AC /* Pods-SunshineTests.debug.xcconfig */ = {isa = PBXFileReference; includeInIndex = 1; lastKnownFileType = text.xcconfig; name = "Pods-SunshineTests.debug.xcconfig"; path = "Target Support Files/Pods-SunshineTests/Pods-SunshineTests.debug.xcconfig"; sourceTree = "<group>"; };
		8AFC54EEC2D8C60A4CEAD88E /* Pods_SunshineTests.framework */ = {isa = PBXFileReference; explicitFileType = wrapper.framework; includeInIndex = 0; path = Pods_SunshineTests.framework; sourceTree = BUILT_PRODUCTS_DIR; };
		9B6D44A0F29EDC4E89143846 /* Pods-SunshineUITests.debug.xcconfig */ = {isa = PBXFileReference; includeInIndex = 1; lastKnownFileType = text.xcconfig; name = "Pods-SunshineUITests.debug.xcconfig"; path = "Target Support Files/Pods-SunshineUITests/Pods-SunshineUITests.debug.xcconfig"; sourceTree = "<group>"; };
		C497B6BD2308CA2100DB043C /* Sunshine.app */ = {isa = PBXFileReference; explicitFileType = wrapper.application; includeInIndex = 0; path = Sunshine.app; sourceTree = BUILT_PRODUCTS_DIR; };
		C497B6C02308CA2100DB043C /* AppDelegate.swift */ = {isa = PBXFileReference; lastKnownFileType = sourcecode.swift; path = AppDelegate.swift; sourceTree = "<group>"; };
		C497B6C22308CA2100DB043C /* HomeViewController.swift */ = {isa = PBXFileReference; lastKnownFileType = sourcecode.swift; path = HomeViewController.swift; sourceTree = "<group>"; };
		C497B6C52308CA2100DB043C /* Base */ = {isa = PBXFileReference; lastKnownFileType = file.storyboard; name = Base; path = Base.lproj/Main.storyboard; sourceTree = "<group>"; };
		C497B6C82308CA2100DB043C /* Sunshine.xcdatamodel */ = {isa = PBXFileReference; lastKnownFileType = wrapper.xcdatamodel; path = Sunshine.xcdatamodel; sourceTree = "<group>"; };
		C497B6CD2308CA2300DB043C /* Base */ = {isa = PBXFileReference; lastKnownFileType = file.storyboard; name = Base; path = Base.lproj/LaunchScreen.storyboard; sourceTree = "<group>"; };
		C497B6CF2308CA2300DB043C /* Info.plist */ = {isa = PBXFileReference; lastKnownFileType = text.plist.xml; path = Info.plist; sourceTree = "<group>"; };
		C497B6D42308CA2300DB043C /* SunshineTests.xctest */ = {isa = PBXFileReference; explicitFileType = wrapper.cfbundle; includeInIndex = 0; path = SunshineTests.xctest; sourceTree = BUILT_PRODUCTS_DIR; };
		C497B6D82308CA2300DB043C /* SunshineTests.swift */ = {isa = PBXFileReference; lastKnownFileType = sourcecode.swift; path = SunshineTests.swift; sourceTree = "<group>"; };
		C497B6DA2308CA2300DB043C /* Info.plist */ = {isa = PBXFileReference; lastKnownFileType = text.plist.xml; path = Info.plist; sourceTree = "<group>"; };
		C497B6DF2308CA2300DB043C /* SunshineUITests.xctest */ = {isa = PBXFileReference; explicitFileType = wrapper.cfbundle; includeInIndex = 0; path = SunshineUITests.xctest; sourceTree = BUILT_PRODUCTS_DIR; };
		C497B6E32308CA2300DB043C /* SunshineUITests.swift */ = {isa = PBXFileReference; lastKnownFileType = sourcecode.swift; path = SunshineUITests.swift; sourceTree = "<group>"; };
		C497B6E52308CA2300DB043C /* Info.plist */ = {isa = PBXFileReference; lastKnownFileType = text.plist.xml; path = Info.plist; sourceTree = "<group>"; };
		C4C24CFA230DEB3700F4CE05 /* SettingsViewController.swift */ = {isa = PBXFileReference; lastKnownFileType = sourcecode.swift; path = SettingsViewController.swift; sourceTree = "<group>"; };
		C4C24CFC230DEC0900F4CE05 /* UIColor+Extensions.swift */ = {isa = PBXFileReference; lastKnownFileType = sourcecode.swift; path = "UIColor+Extensions.swift"; sourceTree = "<group>"; };
		C4C24CFF230DFA6C00F4CE05 /* R.generated.swift */ = {isa = PBXFileReference; fileEncoding = 4; lastKnownFileType = sourcecode.swift; path = R.generated.swift; sourceTree = "<group>"; };
		C4C24D02230E972600F4CE05 /* WeatherView.swift */ = {isa = PBXFileReference; lastKnownFileType = sourcecode.swift; path = WeatherView.swift; sourceTree = "<group>"; };
		C4C24D04230E97D700F4CE05 /* UIView+Extensions.swift */ = {isa = PBXFileReference; lastKnownFileType = sourcecode.swift; path = "UIView+Extensions.swift"; sourceTree = "<group>"; };
		C4C24D0B230EB04900F4CE05 /* Assets.xcassets */ = {isa = PBXFileReference; lastKnownFileType = folder.assetcatalog; path = Assets.xcassets; sourceTree = "<group>"; };
		C4C24D0E230EB64E00F4CE05 /* ForcastPagerViewCell.swift */ = {isa = PBXFileReference; lastKnownFileType = sourcecode.swift; path = ForcastPagerViewCell.swift; sourceTree = "<group>"; };
		C4C24D0F230EB64E00F4CE05 /* ForcastPagerViewCell.xib */ = {isa = PBXFileReference; lastKnownFileType = file.xib; path = ForcastPagerViewCell.xib; sourceTree = "<group>"; };
		C4C24D15230EC1DB00F4CE05 /* HomeViewModel.swift */ = {isa = PBXFileReference; lastKnownFileType = sourcecode.swift; path = HomeViewModel.swift; sourceTree = "<group>"; };
		C4C24D17230EC3E300F4CE05 /* UIViewController+Extensions.swift */ = {isa = PBXFileReference; lastKnownFileType = sourcecode.swift; path = "UIViewController+Extensions.swift"; sourceTree = "<group>"; };
		C4C24D1A230F459400F4CE05 /* DetailViewController.swift */ = {isa = PBXFileReference; lastKnownFileType = sourcecode.swift; path = DetailViewController.swift; sourceTree = "<group>"; };
		C4C24D1D230FEBC500F4CE05 /* Util.swift */ = {isa = PBXFileReference; lastKnownFileType = sourcecode.swift; path = Util.swift; sourceTree = "<group>"; };
		C4DE3BE8230C3B3000497BAE /* ApiClient.swift */ = {isa = PBXFileReference; lastKnownFileType = sourcecode.swift; path = ApiClient.swift; sourceTree = "<group>"; };
		C4DE3BEA230C3BED00497BAE /* ApiCleint+Constants.swift */ = {isa = PBXFileReference; lastKnownFileType = sourcecode.swift; path = "ApiCleint+Constants.swift"; sourceTree = "<group>"; };
		C4DE3BED230C3F4200497BAE /* Dictionary+Extensions.swift */ = {isa = PBXFileReference; lastKnownFileType = sourcecode.swift; path = "Dictionary+Extensions.swift"; sourceTree = "<group>"; };
		C4DE3BF0230C470A00497BAE /* ForcastResponse.swift */ = {isa = PBXFileReference; lastKnownFileType = sourcecode.swift; path = ForcastResponse.swift; sourceTree = "<group>"; };
		C4DE3BF2230C47F800497BAE /* WeatherItem.swift */ = {isa = PBXFileReference; fileEncoding = 4; lastKnownFileType = sourcecode.swift; path = WeatherItem.swift; sourceTree = "<group>"; };
		C4DE3BF3230C47F800497BAE /* Clouds.swift */ = {isa = PBXFileReference; fileEncoding = 4; lastKnownFileType = sourcecode.swift; path = Clouds.swift; sourceTree = "<group>"; };
		C4DE3BF4230C47F800497BAE /* ForcastItem.swift */ = {isa = PBXFileReference; fileEncoding = 4; lastKnownFileType = sourcecode.swift; path = ForcastItem.swift; sourceTree = "<group>"; };
		C4DE3BF5230C47F800497BAE /* Main.swift */ = {isa = PBXFileReference; fileEncoding = 4; lastKnownFileType = sourcecode.swift; path = Main.swift; sourceTree = "<group>"; };
		C4DE3BF6230C47F800497BAE /* Wind.swift */ = {isa = PBXFileReference; fileEncoding = 4; lastKnownFileType = sourcecode.swift; path = Wind.swift; sourceTree = "<group>"; };
		D40B2DD8A708D0D9A752C42D /* Pods-Sunshine.release.xcconfig */ = {isa = PBXFileReference; includeInIndex = 1; lastKnownFileType = text.xcconfig; name = "Pods-Sunshine.release.xcconfig"; path = "Target Support Files/Pods-Sunshine/Pods-Sunshine.release.xcconfig"; sourceTree = "<group>"; };
		EFE32072F927F26406D9E996 /* Pods_Sunshine.framework */ = {isa = PBXFileReference; explicitFileType = wrapper.framework; includeInIndex = 0; path = Pods_Sunshine.framework; sourceTree = BUILT_PRODUCTS_DIR; };
		FFBE2C1051624FCA0EBCE0D0 /* Pods_SunshineUITests.framework */ = {isa = PBXFileReference; explicitFileType = wrapper.framework; includeInIndex = 0; path = Pods_SunshineUITests.framework; sourceTree = BUILT_PRODUCTS_DIR; };
/* End PBXFileReference section */

/* Begin PBXFrameworksBuildPhase section */
		C497B6BA2308CA2100DB043C /* Frameworks */ = {
			isa = PBXFrameworksBuildPhase;
			buildActionMask = 2147483647;
			files = (
				88E3B49850504940DEAF3625 /* Pods_Sunshine.framework in Frameworks */,
			);
			runOnlyForDeploymentPostprocessing = 0;
		};
		C497B6D12308CA2300DB043C /* Frameworks */ = {
			isa = PBXFrameworksBuildPhase;
			buildActionMask = 2147483647;
			files = (
				4F213279A144781E0C70EEF1 /* Pods_SunshineTests.framework in Frameworks */,
			);
			runOnlyForDeploymentPostprocessing = 0;
		};
		C497B6DC2308CA2300DB043C /* Frameworks */ = {
			isa = PBXFrameworksBuildPhase;
			buildActionMask = 2147483647;
			files = (
				89A7BDA64F99958F0E1A4C42 /* Pods_SunshineUITests.framework in Frameworks */,
			);
			runOnlyForDeploymentPostprocessing = 0;
		};
/* End PBXFrameworksBuildPhase section */

/* Begin PBXGroup section */
		2EDA6BB34D28E70A5FF188F4 /* Pods */ = {
			isa = PBXGroup;
			children = (
				0B7988F09F26A34FCD5832E1 /* Pods-Sunshine.debug.xcconfig */,
				D40B2DD8A708D0D9A752C42D /* Pods-Sunshine.release.xcconfig */,
				6C53F5A3542192D10D8299AC /* Pods-SunshineTests.debug.xcconfig */,
				3BE5E1CE8FD9AAF77AB58BC0 /* Pods-SunshineTests.release.xcconfig */,
				9B6D44A0F29EDC4E89143846 /* Pods-SunshineUITests.debug.xcconfig */,
				59105E38EC6B34CA2C1C545B /* Pods-SunshineUITests.release.xcconfig */,
			);
			path = Pods;
			sourceTree = "<group>";
		};
		8056AB01E3A0E7BDA62256B6 /* Frameworks */ = {
			isa = PBXGroup;
			children = (
				EFE32072F927F26406D9E996 /* Pods_Sunshine.framework */,
				8AFC54EEC2D8C60A4CEAD88E /* Pods_SunshineTests.framework */,
				FFBE2C1051624FCA0EBCE0D0 /* Pods_SunshineUITests.framework */,
			);
			name = Frameworks;
			sourceTree = "<group>";
		};
		C497B6B42308CA2100DB043C = {
			isa = PBXGroup;
			children = (
				C4C24CFF230DFA6C00F4CE05 /* R.generated.swift */,
				C497B6BF2308CA2100DB043C /* Sunshine */,
				C497B6D72308CA2300DB043C /* SunshineTests */,
				C497B6E22308CA2300DB043C /* SunshineUITests */,
				C497B6BE2308CA2100DB043C /* Products */,
				2EDA6BB34D28E70A5FF188F4 /* Pods */,
				8056AB01E3A0E7BDA62256B6 /* Frameworks */,
			);
			sourceTree = "<group>";
		};
		C497B6BE2308CA2100DB043C /* Products */ = {
			isa = PBXGroup;
			children = (
				C497B6BD2308CA2100DB043C /* Sunshine.app */,
				C497B6D42308CA2300DB043C /* SunshineTests.xctest */,
				C497B6DF2308CA2300DB043C /* SunshineUITests.xctest */,
			);
			name = Products;
			sourceTree = "<group>";
		};
		C497B6BF2308CA2100DB043C /* Sunshine */ = {
			isa = PBXGroup;
			children = (
				C4C24D1C230FEB9700F4CE05 /* Util */,
				C4C24D12230EC1AD00F4CE05 /* Feature */,
				C4C24D0D230EB3EA00F4CE05 /* Resources */,
				C4C24D01230E970600F4CE05 /* Widgets */,
				C4DE3BEC230C3F2800497BAE /* Extensions */,
				C497B6F2230AADC600DB043C /* Model */,
				C497B6F12308CC6100DB043C /* Assets */,
				C497B6C02308CA2100DB043C /* AppDelegate.swift */,
				C497B6CF2308CA2300DB043C /* Info.plist */,
			);
			path = Sunshine;
			sourceTree = "<group>";
		};
		C497B6D72308CA2300DB043C /* SunshineTests */ = {
			isa = PBXGroup;
			children = (
				C497B6D82308CA2300DB043C /* SunshineTests.swift */,
				C497B6DA2308CA2300DB043C /* Info.plist */,
			);
			path = SunshineTests;
			sourceTree = "<group>";
		};
		C497B6E22308CA2300DB043C /* SunshineUITests */ = {
			isa = PBXGroup;
			children = (
				C497B6E32308CA2300DB043C /* SunshineUITests.swift */,
				C497B6E52308CA2300DB043C /* Info.plist */,
			);
			path = SunshineUITests;
			sourceTree = "<group>";
		};
		C497B6F12308CC6100DB043C /* Assets */ = {
			isa = PBXGroup;
			children = (
				C4C24D0B230EB04900F4CE05 /* Assets.xcassets */,
			);
			path = Assets;
			sourceTree = "<group>";
		};
		C497B6F2230AADC600DB043C /* Model */ = {
			isa = PBXGroup;
			children = (
				C4DE3BE7230C3B1F00497BAE /* API */,
				C497B6C72308CA2100DB043C /* Sunshine.xcdatamodeld */,
			);
			path = Model;
			sourceTree = "<group>";
		};
		C4C24D01230E970600F4CE05 /* Widgets */ = {
			isa = PBXGroup;
			children = (
				C4C24D02230E972600F4CE05 /* WeatherView.swift */,
			);
			path = Widgets;
			sourceTree = "<group>";
		};
		C4C24D0D230EB3EA00F4CE05 /* Resources */ = {
			isa = PBXGroup;
			children = (
				C497B6C42308CA2100DB043C /* Main.storyboard */,
				C497B6CC2308CA2300DB043C /* LaunchScreen.storyboard */,
				C4C24D0E230EB64E00F4CE05 /* ForcastPagerViewCell.swift */,
				C4C24D0F230EB64E00F4CE05 /* ForcastPagerViewCell.xib */,
			);
			path = Resources;
			sourceTree = "<group>";
		};
		C4C24D12230EC1AD00F4CE05 /* Feature */ = {
			isa = PBXGroup;
			children = (
				C4C24D19230F456400F4CE05 /* Detail */,
				C4C24D14230EC1C000F4CE05 /* Settings */,
				C4C24D13230EC1B700F4CE05 /* Home */,
			);
			path = Feature;
			sourceTree = "<group>";
		};
		C4C24D13230EC1B700F4CE05 /* Home */ = {
			isa = PBXGroup;
			children = (
				C497B6C22308CA2100DB043C /* HomeViewController.swift */,
				C4C24D15230EC1DB00F4CE05 /* HomeViewModel.swift */,
			);
			path = Home;
			sourceTree = "<group>";
		};
		C4C24D14230EC1C000F4CE05 /* Settings */ = {
			isa = PBXGroup;
			children = (
				C4C24CFA230DEB3700F4CE05 /* SettingsViewController.swift */,
			);
			path = Settings;
			sourceTree = "<group>";
		};
		C4C24D19230F456400F4CE05 /* Detail */ = {
			isa = PBXGroup;
			children = (
				C4C24D1A230F459400F4CE05 /* DetailViewController.swift */,
			);
			path = Detail;
			sourceTree = "<group>";
		};
		C4C24D1C230FEB9700F4CE05 /* Util */ = {
			isa = PBXGroup;
			children = (
				C4C24D1D230FEBC500F4CE05 /* Util.swift */,
			);
			path = Util;
			sourceTree = "<group>";
		};
		C4DE3BE7230C3B1F00497BAE /* API */ = {
			isa = PBXGroup;
			children = (
				C4DE3BEF230C46F200497BAE /* Response */,
				C4DE3BE8230C3B3000497BAE /* ApiClient.swift */,
				C4DE3BEA230C3BED00497BAE /* ApiCleint+Constants.swift */,
			);
			path = API;
			sourceTree = "<group>";
		};
		C4DE3BEC230C3F2800497BAE /* Extensions */ = {
			isa = PBXGroup;
			children = (
				C4DE3BED230C3F4200497BAE /* Dictionary+Extensions.swift */,
				C4C24CFC230DEC0900F4CE05 /* UIColor+Extensions.swift */,
				C4C24D04230E97D700F4CE05 /* UIView+Extensions.swift */,
				C4C24D17230EC3E300F4CE05 /* UIViewController+Extensions.swift */,
			);
			path = Extensions;
			sourceTree = "<group>";
		};
		C4DE3BEF230C46F200497BAE /* Response */ = {
			isa = PBXGroup;
			children = (
				C4DE3BF3230C47F800497BAE /* Clouds.swift */,
				C4DE3BF4230C47F800497BAE /* ForcastItem.swift */,
				C4DE3BF5230C47F800497BAE /* Main.swift */,
				C4DE3BF2230C47F800497BAE /* WeatherItem.swift */,
				C4DE3BF6230C47F800497BAE /* Wind.swift */,
				C4DE3BF0230C470A00497BAE /* ForcastResponse.swift */,
			);
			path = Response;
			sourceTree = "<group>";
		};
/* End PBXGroup section */

/* Begin PBXNativeTarget section */
		C497B6BC2308CA2100DB043C /* Sunshine */ = {
			isa = PBXNativeTarget;
			buildConfigurationList = C497B6E82308CA2300DB043C /* Build configuration list for PBXNativeTarget "Sunshine" */;
			buildPhases = (
				53D479EBE3A884FF791B0456 /* [CP] Check Pods Manifest.lock */,
				C4C24CFE230DF9AD00F4CE05 /* ShellScript */,
				C497B6B92308CA2100DB043C /* Sources */,
				C497B6BA2308CA2100DB043C /* Frameworks */,
				C497B6BB2308CA2100DB043C /* Resources */,
				1D999FF72C504EB43E136229 /* [CP] Embed Pods Frameworks */,
			);
			buildRules = (
			);
			dependencies = (
			);
			name = Sunshine;
			productName = Sunshine;
			productReference = C497B6BD2308CA2100DB043C /* Sunshine.app */;
			productType = "com.apple.product-type.application";
		};
		C497B6D32308CA2300DB043C /* SunshineTests */ = {
			isa = PBXNativeTarget;
			buildConfigurationList = C497B6EB2308CA2300DB043C /* Build configuration list for PBXNativeTarget "SunshineTests" */;
			buildPhases = (
				FE8149ECB0BD6380AE4A82DE /* [CP] Check Pods Manifest.lock */,
				C497B6D02308CA2300DB043C /* Sources */,
				C497B6D12308CA2300DB043C /* Frameworks */,
				C497B6D22308CA2300DB043C /* Resources */,
			);
			buildRules = (
			);
			dependencies = (
				C497B6D62308CA2300DB043C /* PBXTargetDependency */,
			);
			name = SunshineTests;
			productName = SunshineTests;
			productReference = C497B6D42308CA2300DB043C /* SunshineTests.xctest */;
			productType = "com.apple.product-type.bundle.unit-test";
		};
		C497B6DE2308CA2300DB043C /* SunshineUITests */ = {
			isa = PBXNativeTarget;
			buildConfigurationList = C497B6EE2308CA2300DB043C /* Build configuration list for PBXNativeTarget "SunshineUITests" */;
			buildPhases = (
				74AF50487C4BD3B8DDA110F5 /* [CP] Check Pods Manifest.lock */,
				C497B6DB2308CA2300DB043C /* Sources */,
				C497B6DC2308CA2300DB043C /* Frameworks */,
				C497B6DD2308CA2300DB043C /* Resources */,
			);
			buildRules = (
			);
			dependencies = (
				C497B6E12308CA2300DB043C /* PBXTargetDependency */,
			);
			name = SunshineUITests;
			productName = SunshineUITests;
			productReference = C497B6DF2308CA2300DB043C /* SunshineUITests.xctest */;
			productType = "com.apple.product-type.bundle.ui-testing";
		};
/* End PBXNativeTarget section */

/* Begin PBXProject section */
		C497B6B52308CA2100DB043C /* Project object */ = {
			isa = PBXProject;
			attributes = {
				LastSwiftUpdateCheck = 1030;
				LastUpgradeCheck = 1030;
				ORGANIZATIONNAME = Jerry;
				TargetAttributes = {
					C497B6BC2308CA2100DB043C = {
						CreatedOnToolsVersion = 10.3;
					};
					C497B6D32308CA2300DB043C = {
						CreatedOnToolsVersion = 10.3;
						TestTargetID = C497B6BC2308CA2100DB043C;
					};
					C497B6DE2308CA2300DB043C = {
						CreatedOnToolsVersion = 10.3;
						TestTargetID = C497B6BC2308CA2100DB043C;
					};
				};
			};
			buildConfigurationList = C497B6B82308CA2100DB043C /* Build configuration list for PBXProject "Sunshine" */;
			compatibilityVersion = "Xcode 9.3";
			developmentRegion = en;
			hasScannedForEncodings = 0;
			knownRegions = (
				en,
				Base,
			);
			mainGroup = C497B6B42308CA2100DB043C;
			productRefGroup = C497B6BE2308CA2100DB043C /* Products */;
			projectDirPath = "";
			projectRoot = "";
			targets = (
				C497B6BC2308CA2100DB043C /* Sunshine */,
				C497B6D32308CA2300DB043C /* SunshineTests */,
				C497B6DE2308CA2300DB043C /* SunshineUITests */,
			);
		};
/* End PBXProject section */

/* Begin PBXResourcesBuildPhase section */
		C497B6BB2308CA2100DB043C /* Resources */ = {
			isa = PBXResourcesBuildPhase;
			buildActionMask = 2147483647;
			files = (
				C497B6CE2308CA2300DB043C /* LaunchScreen.storyboard in Resources */,
				C4C24D11230EB64E00F4CE05 /* ForcastPagerViewCell.xib in Resources */,
				C4C24D0C230EB04900F4CE05 /* Assets.xcassets in Resources */,
				C497B6C62308CA2100DB043C /* Main.storyboard in Resources */,
			);
			runOnlyForDeploymentPostprocessing = 0;
		};
		C497B6D22308CA2300DB043C /* Resources */ = {
			isa = PBXResourcesBuildPhase;
			buildActionMask = 2147483647;
			files = (
			);
			runOnlyForDeploymentPostprocessing = 0;
		};
		C497B6DD2308CA2300DB043C /* Resources */ = {
			isa = PBXResourcesBuildPhase;
			buildActionMask = 2147483647;
			files = (
			);
			runOnlyForDeploymentPostprocessing = 0;
		};
/* End PBXResourcesBuildPhase section */

/* Begin PBXShellScriptBuildPhase section */
		1D999FF72C504EB43E136229 /* [CP] Embed Pods Frameworks */ = {
			isa = PBXShellScriptBuildPhase;
			buildActionMask = 2147483647;
			files = (
			);
			inputFileListPaths = (
				"${PODS_ROOT}/Target Support Files/Pods-Sunshine/Pods-Sunshine-frameworks-${CONFIGURATION}-input-files.xcfilelist",
			);
			name = "[CP] Embed Pods Frameworks";
			outputFileListPaths = (
				"${PODS_ROOT}/Target Support Files/Pods-Sunshine/Pods-Sunshine-frameworks-${CONFIGURATION}-output-files.xcfilelist",
			);
			runOnlyForDeploymentPostprocessing = 0;
			shellPath = /bin/sh;
			shellScript = "\"${PODS_ROOT}/Target Support Files/Pods-Sunshine/Pods-Sunshine-frameworks.sh\"\n";
			showEnvVarsInLog = 0;
		};
		53D479EBE3A884FF791B0456 /* [CP] Check Pods Manifest.lock */ = {
			isa = PBXShellScriptBuildPhase;
			buildActionMask = 2147483647;
			files = (
			);
			inputFileListPaths = (
			);
			inputPaths = (
				"${PODS_PODFILE_DIR_PATH}/Podfile.lock",
				"${PODS_ROOT}/Manifest.lock",
			);
			name = "[CP] Check Pods Manifest.lock";
			outputFileListPaths = (
			);
			outputPaths = (
				"$(DERIVED_FILE_DIR)/Pods-Sunshine-checkManifestLockResult.txt",
			);
			runOnlyForDeploymentPostprocessing = 0;
			shellPath = /bin/sh;
			shellScript = "diff \"${PODS_PODFILE_DIR_PATH}/Podfile.lock\" \"${PODS_ROOT}/Manifest.lock\" > /dev/null\nif [ $? != 0 ] ; then\n    # print error to STDERR\n    echo \"error: The sandbox is not in sync with the Podfile.lock. Run 'pod install' or update your CocoaPods installation.\" >&2\n    exit 1\nfi\n# This output is used by Xcode 'outputs' to avoid re-running this script phase.\necho \"SUCCESS\" > \"${SCRIPT_OUTPUT_FILE_0}\"\n";
			showEnvVarsInLog = 0;
		};
		74AF50487C4BD3B8DDA110F5 /* [CP] Check Pods Manifest.lock */ = {
			isa = PBXShellScriptBuildPhase;
			buildActionMask = 2147483647;
			files = (
			);
			inputFileListPaths = (
			);
			inputPaths = (
				"${PODS_PODFILE_DIR_PATH}/Podfile.lock",
				"${PODS_ROOT}/Manifest.lock",
			);
			name = "[CP] Check Pods Manifest.lock";
			outputFileListPaths = (
			);
			outputPaths = (
				"$(DERIVED_FILE_DIR)/Pods-SunshineUITests-checkManifestLockResult.txt",
			);
			runOnlyForDeploymentPostprocessing = 0;
			shellPath = /bin/sh;
			shellScript = "diff \"${PODS_PODFILE_DIR_PATH}/Podfile.lock\" \"${PODS_ROOT}/Manifest.lock\" > /dev/null\nif [ $? != 0 ] ; then\n    # print error to STDERR\n    echo \"error: The sandbox is not in sync with the Podfile.lock. Run 'pod install' or update your CocoaPods installation.\" >&2\n    exit 1\nfi\n# This output is used by Xcode 'outputs' to avoid re-running this script phase.\necho \"SUCCESS\" > \"${SCRIPT_OUTPUT_FILE_0}\"\n";
			showEnvVarsInLog = 0;
		};
		C4C24CFE230DF9AD00F4CE05 /* ShellScript */ = {
			isa = PBXShellScriptBuildPhase;
			buildActionMask = 2147483647;
			files = (
			);
			inputFileListPaths = (
			);
			inputPaths = (
				"$TEMP_DIR/rswift-lastrun",
			);
			outputFileListPaths = (
			);
			outputPaths = (
				$SRCROOT/R.generated.swift,
			);
			runOnlyForDeploymentPostprocessing = 0;
			shellPath = /bin/sh;
			shellScript = "# Type a script or drag a script file from your workspace to insert its path.\n\"$PODS_ROOT/R.swift/rswift\" generate \"$SRCROOT/R.generated.swift\"\n";
		};
		FE8149ECB0BD6380AE4A82DE /* [CP] Check Pods Manifest.lock */ = {
			isa = PBXShellScriptBuildPhase;
			buildActionMask = 2147483647;
			files = (
			);
			inputFileListPaths = (
			);
			inputPaths = (
				"${PODS_PODFILE_DIR_PATH}/Podfile.lock",
				"${PODS_ROOT}/Manifest.lock",
			);
			name = "[CP] Check Pods Manifest.lock";
			outputFileListPaths = (
			);
			outputPaths = (
				"$(DERIVED_FILE_DIR)/Pods-SunshineTests-checkManifestLockResult.txt",
			);
			runOnlyForDeploymentPostprocessing = 0;
			shellPath = /bin/sh;
			shellScript = "diff \"${PODS_PODFILE_DIR_PATH}/Podfile.lock\" \"${PODS_ROOT}/Manifest.lock\" > /dev/null\nif [ $? != 0 ] ; then\n    # print error to STDERR\n    echo \"error: The sandbox is not in sync with the Podfile.lock. Run 'pod install' or update your CocoaPods installation.\" >&2\n    exit 1\nfi\n# This output is used by Xcode 'outputs' to avoid re-running this script phase.\necho \"SUCCESS\" > \"${SCRIPT_OUTPUT_FILE_0}\"\n";
			showEnvVarsInLog = 0;
		};
/* End PBXShellScriptBuildPhase section */

/* Begin PBXSourcesBuildPhase section */
		C497B6B92308CA2100DB043C /* Sources */ = {
			isa = PBXSourcesBuildPhase;
			buildActionMask = 2147483647;
			files = (
				C4C24D16230EC1DB00F4CE05 /* HomeViewModel.swift in Sources */,
				C4DE3BF9230C47F800497BAE /* WeatherItem.swift in Sources */,
				C497B6C32308CA2100DB043C /* HomeViewController.swift in Sources */,
				C4C24D00230DFA6C00F4CE05 /* R.generated.swift in Sources */,
				C4DE3BFC230C47F800497BAE /* Main.swift in Sources */,
				C4DE3BF1230C470A00497BAE /* ForcastResponse.swift in Sources */,
				C4C24D1B230F459400F4CE05 /* DetailViewController.swift in Sources */,
				C4DE3BFB230C47F800497BAE /* ForcastItem.swift in Sources */,
				C4C24D05230E97D700F4CE05 /* UIView+Extensions.swift in Sources */,
				C497B6C12308CA2100DB043C /* AppDelegate.swift in Sources */,
				C4C24D03230E972600F4CE05 /* WeatherView.swift in Sources */,
				C4C24D1E230FEBC500F4CE05 /* Util.swift in Sources */,
				C497B6C92308CA2100DB043C /* Sunshine.xcdatamodeld in Sources */,
				C4DE3BEB230C3BED00497BAE /* ApiCleint+Constants.swift in Sources */,
				C4C24D18230EC3E300F4CE05 /* UIViewController+Extensions.swift in Sources */,
				C4C24D10230EB64E00F4CE05 /* ForcastPagerViewCell.swift in Sources */,
				C4DE3BFA230C47F800497BAE /* Clouds.swift in Sources */,
				C4DE3BE9230C3B3000497BAE /* ApiClient.swift in Sources */,
				C4C24CFB230DEB3700F4CE05 /* SettingsViewController.swift in Sources */,
				C4C24CFD230DEC0900F4CE05 /* UIColor+Extensions.swift in Sources */,
				C4DE3BEE230C3F4200497BAE /* Dictionary+Extensions.swift in Sources */,
				C4DE3BFD230C47F800497BAE /* Wind.swift in Sources */,
			);
			runOnlyForDeploymentPostprocessing = 0;
		};
		C497B6D02308CA2300DB043C /* Sources */ = {
			isa = PBXSourcesBuildPhase;
			buildActionMask = 2147483647;
			files = (
				C497B6D92308CA2300DB043C /* SunshineTests.swift in Sources */,
			);
			runOnlyForDeploymentPostprocessing = 0;
		};
		C497B6DB2308CA2300DB043C /* Sources */ = {
			isa = PBXSourcesBuildPhase;
			buildActionMask = 2147483647;
			files = (
				C497B6E42308CA2300DB043C /* SunshineUITests.swift in Sources */,
			);
			runOnlyForDeploymentPostprocessing = 0;
		};
/* End PBXSourcesBuildPhase section */

/* Begin PBXTargetDependency section */
		C497B6D62308CA2300DB043C /* PBXTargetDependency */ = {
			isa = PBXTargetDependency;
			target = C497B6BC2308CA2100DB043C /* Sunshine */;
			targetProxy = C497B6D52308CA2300DB043C /* PBXContainerItemProxy */;
		};
		C497B6E12308CA2300DB043C /* PBXTargetDependency */ = {
			isa = PBXTargetDependency;
			target = C497B6BC2308CA2100DB043C /* Sunshine */;
			targetProxy = C497B6E02308CA2300DB043C /* PBXContainerItemProxy */;
		};
/* End PBXTargetDependency section */

/* Begin PBXVariantGroup section */
		C497B6C42308CA2100DB043C /* Main.storyboard */ = {
			isa = PBXVariantGroup;
			children = (
				C497B6C52308CA2100DB043C /* Base */,
			);
			name = Main.storyboard;
			sourceTree = "<group>";
		};
		C497B6CC2308CA2300DB043C /* LaunchScreen.storyboard */ = {
			isa = PBXVariantGroup;
			children = (
				C497B6CD2308CA2300DB043C /* Base */,
			);
			name = LaunchScreen.storyboard;
			sourceTree = "<group>";
		};
/* End PBXVariantGroup section */

/* Begin XCBuildConfiguration section */
		C497B6E62308CA2300DB043C /* Debug */ = {
			isa = XCBuildConfiguration;
			buildSettings = {
				ALWAYS_SEARCH_USER_PATHS = NO;
				CLANG_ANALYZER_NONNULL = YES;
				CLANG_ANALYZER_NUMBER_OBJECT_CONVERSION = YES_AGGRESSIVE;
				CLANG_CXX_LANGUAGE_STANDARD = "gnu++14";
				CLANG_CXX_LIBRARY = "libc++";
				CLANG_ENABLE_MODULES = YES;
				CLANG_ENABLE_OBJC_ARC = YES;
				CLANG_ENABLE_OBJC_WEAK = YES;
				CLANG_WARN_BLOCK_CAPTURE_AUTORELEASING = YES;
				CLANG_WARN_BOOL_CONVERSION = YES;
				CLANG_WARN_COMMA = YES;
				CLANG_WARN_CONSTANT_CONVERSION = YES;
				CLANG_WARN_DEPRECATED_OBJC_IMPLEMENTATIONS = YES;
				CLANG_WARN_DIRECT_OBJC_ISA_USAGE = YES_ERROR;
				CLANG_WARN_DOCUMENTATION_COMMENTS = YES;
				CLANG_WARN_EMPTY_BODY = YES;
				CLANG_WARN_ENUM_CONVERSION = YES;
				CLANG_WARN_INFINITE_RECURSION = YES;
				CLANG_WARN_INT_CONVERSION = YES;
				CLANG_WARN_NON_LITERAL_NULL_CONVERSION = YES;
				CLANG_WARN_OBJC_IMPLICIT_RETAIN_SELF = YES;
				CLANG_WARN_OBJC_LITERAL_CONVERSION = YES;
				CLANG_WARN_OBJC_ROOT_CLASS = YES_ERROR;
				CLANG_WARN_RANGE_LOOP_ANALYSIS = YES;
				CLANG_WARN_STRICT_PROTOTYPES = YES;
				CLANG_WARN_SUSPICIOUS_MOVE = YES;
				CLANG_WARN_UNGUARDED_AVAILABILITY = YES_AGGRESSIVE;
				CLANG_WARN_UNREACHABLE_CODE = YES;
				CLANG_WARN__DUPLICATE_METHOD_MATCH = YES;
				CODE_SIGN_IDENTITY = "iPhone Developer";
				COPY_PHASE_STRIP = NO;
				DEBUG_INFORMATION_FORMAT = dwarf;
				ENABLE_STRICT_OBJC_MSGSEND = YES;
				ENABLE_TESTABILITY = YES;
				GCC_C_LANGUAGE_STANDARD = gnu11;
				GCC_DYNAMIC_NO_PIC = NO;
				GCC_NO_COMMON_BLOCKS = YES;
				GCC_OPTIMIZATION_LEVEL = 0;
				GCC_PREPROCESSOR_DEFINITIONS = (
					"DEBUG=1",
					"$(inherited)",
				);
				GCC_WARN_64_TO_32_BIT_CONVERSION = YES;
				GCC_WARN_ABOUT_RETURN_TYPE = YES_ERROR;
				GCC_WARN_UNDECLARED_SELECTOR = YES;
				GCC_WARN_UNINITIALIZED_AUTOS = YES_AGGRESSIVE;
				GCC_WARN_UNUSED_FUNCTION = YES;
				GCC_WARN_UNUSED_VARIABLE = YES;
				IPHONEOS_DEPLOYMENT_TARGET = 12.4;
				MTL_ENABLE_DEBUG_INFO = INCLUDE_SOURCE;
				MTL_FAST_MATH = YES;
				ONLY_ACTIVE_ARCH = YES;
				SDKROOT = iphoneos;
				SWIFT_ACTIVE_COMPILATION_CONDITIONS = DEBUG;
				SWIFT_OPTIMIZATION_LEVEL = "-Onone";
			};
			name = Debug;
		};
		C497B6E72308CA2300DB043C /* Release */ = {
			isa = XCBuildConfiguration;
			buildSettings = {
				ALWAYS_SEARCH_USER_PATHS = NO;
				CLANG_ANALYZER_NONNULL = YES;
				CLANG_ANALYZER_NUMBER_OBJECT_CONVERSION = YES_AGGRESSIVE;
				CLANG_CXX_LANGUAGE_STANDARD = "gnu++14";
				CLANG_CXX_LIBRARY = "libc++";
				CLANG_ENABLE_MODULES = YES;
				CLANG_ENABLE_OBJC_ARC = YES;
				CLANG_ENABLE_OBJC_WEAK = YES;
				CLANG_WARN_BLOCK_CAPTURE_AUTORELEASING = YES;
				CLANG_WARN_BOOL_CONVERSION = YES;
				CLANG_WARN_COMMA = YES;
				CLANG_WARN_CONSTANT_CONVERSION = YES;
				CLANG_WARN_DEPRECATED_OBJC_IMPLEMENTATIONS = YES;
				CLANG_WARN_DIRECT_OBJC_ISA_USAGE = YES_ERROR;
				CLANG_WARN_DOCUMENTATION_COMMENTS = YES;
				CLANG_WARN_EMPTY_BODY = YES;
				CLANG_WARN_ENUM_CONVERSION = YES;
				CLANG_WARN_INFINITE_RECURSION = YES;
				CLANG_WARN_INT_CONVERSION = YES;
				CLANG_WARN_NON_LITERAL_NULL_CONVERSION = YES;
				CLANG_WARN_OBJC_IMPLICIT_RETAIN_SELF = YES;
				CLANG_WARN_OBJC_LITERAL_CONVERSION = YES;
				CLANG_WARN_OBJC_ROOT_CLASS = YES_ERROR;
				CLANG_WARN_RANGE_LOOP_ANALYSIS = YES;
				CLANG_WARN_STRICT_PROTOTYPES = YES;
				CLANG_WARN_SUSPICIOUS_MOVE = YES;
				CLANG_WARN_UNGUARDED_AVAILABILITY = YES_AGGRESSIVE;
				CLANG_WARN_UNREACHABLE_CODE = YES;
				CLANG_WARN__DUPLICATE_METHOD_MATCH = YES;
				CODE_SIGN_IDENTITY = "iPhone Developer";
				COPY_PHASE_STRIP = NO;
				DEBUG_INFORMATION_FORMAT = "dwarf-with-dsym";
				ENABLE_NS_ASSERTIONS = NO;
				ENABLE_STRICT_OBJC_MSGSEND = YES;
				GCC_C_LANGUAGE_STANDARD = gnu11;
				GCC_NO_COMMON_BLOCKS = YES;
				GCC_WARN_64_TO_32_BIT_CONVERSION = YES;
				GCC_WARN_ABOUT_RETURN_TYPE = YES_ERROR;
				GCC_WARN_UNDECLARED_SELECTOR = YES;
				GCC_WARN_UNINITIALIZED_AUTOS = YES_AGGRESSIVE;
				GCC_WARN_UNUSED_FUNCTION = YES;
				GCC_WARN_UNUSED_VARIABLE = YES;
				IPHONEOS_DEPLOYMENT_TARGET = 12.4;
				MTL_ENABLE_DEBUG_INFO = NO;
				MTL_FAST_MATH = YES;
				SDKROOT = iphoneos;
				SWIFT_COMPILATION_MODE = wholemodule;
				SWIFT_OPTIMIZATION_LEVEL = "-O";
				VALIDATE_PRODUCT = YES;
			};
			name = Release;
		};
		C497B6E92308CA2300DB043C /* Debug */ = {
			isa = XCBuildConfiguration;
			baseConfigurationReference = 0B7988F09F26A34FCD5832E1 /* Pods-Sunshine.debug.xcconfig */;
			buildSettings = {
				ASSETCATALOG_COMPILER_APPICON_NAME = AppIcon;
				CODE_SIGN_STYLE = Automatic;
				DEVELOPMENT_TEAM = 45ZGNV2NAU;
				INFOPLIST_FILE = Sunshine/Info.plist;
				LD_RUNPATH_SEARCH_PATHS = (
					"$(inherited)",
					"@executable_path/Frameworks",
				);
				PRODUCT_BUNDLE_IDENTIFIER = me.jerryhanks.Sunshine;
				PRODUCT_NAME = "$(TARGET_NAME)";
				SWIFT_VERSION = 5.0;
				TARGETED_DEVICE_FAMILY = "1,2";
			};
			name = Debug;
		};
		C497B6EA2308CA2300DB043C /* Release */ = {
			isa = XCBuildConfiguration;
			baseConfigurationReference = D40B2DD8A708D0D9A752C42D /* Pods-Sunshine.release.xcconfig */;
			buildSettings = {
				ASSETCATALOG_COMPILER_APPICON_NAME = AppIcon;
				CODE_SIGN_STYLE = Automatic;
				DEVELOPMENT_TEAM = 45ZGNV2NAU;
				INFOPLIST_FILE = Sunshine/Info.plist;
				LD_RUNPATH_SEARCH_PATHS = (
					"$(inherited)",
					"@executable_path/Frameworks",
				);
				PRODUCT_BUNDLE_IDENTIFIER = me.jerryhanks.Sunshine;
				PRODUCT_NAME = "$(TARGET_NAME)";
				SWIFT_VERSION = 5.0;
				TARGETED_DEVICE_FAMILY = "1,2";
			};
			name = Release;
		};
		C497B6EC2308CA2300DB043C /* Debug */ = {
			isa = XCBuildConfiguration;
			baseConfigurationReference = 6C53F5A3542192D10D8299AC /* Pods-SunshineTests.debug.xcconfig */;
			buildSettings = {
				ALWAYS_EMBED_SWIFT_STANDARD_LIBRARIES = YES;
				BUNDLE_LOADER = "$(TEST_HOST)";
				CODE_SIGN_STYLE = Automatic;
				DEVELOPMENT_TEAM = 45ZGNV2NAU;
				INFOPLIST_FILE = SunshineTests/Info.plist;
				LD_RUNPATH_SEARCH_PATHS = (
					"$(inherited)",
					"@executable_path/Frameworks",
					"@loader_path/Frameworks",
				);
				PRODUCT_BUNDLE_IDENTIFIER = me.jerryhanks.SunshineTests;
				PRODUCT_NAME = "$(TARGET_NAME)";
				SWIFT_VERSION = 5.0;
				TARGETED_DEVICE_FAMILY = "1,2";
				TEST_HOST = "$(BUILT_PRODUCTS_DIR)/Sunshine.app/Sunshine";
			};
			name = Debug;
		};
		C497B6ED2308CA2300DB043C /* Release */ = {
			isa = XCBuildConfiguration;
			baseConfigurationReference = 3BE5E1CE8FD9AAF77AB58BC0 /* Pods-SunshineTests.release.xcconfig */;
			buildSettings = {
				ALWAYS_EMBED_SWIFT_STANDARD_LIBRARIES = YES;
				BUNDLE_LOADER = "$(TEST_HOST)";
				CODE_SIGN_STYLE = Automatic;
				DEVELOPMENT_TEAM = 45ZGNV2NAU;
				INFOPLIST_FILE = SunshineTests/Info.plist;
				LD_RUNPATH_SEARCH_PATHS = (
					"$(inherited)",
					"@executable_path/Frameworks",
					"@loader_path/Frameworks",
				);
				PRODUCT_BUNDLE_IDENTIFIER = me.jerryhanks.SunshineTests;
				PRODUCT_NAME = "$(TARGET_NAME)";
				SWIFT_VERSION = 5.0;
				TARGETED_DEVICE_FAMILY = "1,2";
				TEST_HOST = "$(BUILT_PRODUCTS_DIR)/Sunshine.app/Sunshine";
			};
			name = Release;
		};
		C497B6EF2308CA2300DB043C /* Debug */ = {
			isa = XCBuildConfiguration;
			baseConfigurationReference = 9B6D44A0F29EDC4E89143846 /* Pods-SunshineUITests.debug.xcconfig */;
			buildSettings = {
				ALWAYS_EMBED_SWIFT_STANDARD_LIBRARIES = YES;
				CODE_SIGN_STYLE = Automatic;
				DEVELOPMENT_TEAM = 45ZGNV2NAU;
				INFOPLIST_FILE = SunshineUITests/Info.plist;
				LD_RUNPATH_SEARCH_PATHS = (
					"$(inherited)",
					"@executable_path/Frameworks",
					"@loader_path/Frameworks",
				);
				PRODUCT_BUNDLE_IDENTIFIER = me.jerryhanks.SunshineUITests;
				PRODUCT_NAME = "$(TARGET_NAME)";
				SWIFT_VERSION = 5.0;
				TARGETED_DEVICE_FAMILY = "1,2";
				TEST_TARGET_NAME = Sunshine;
			};
			name = Debug;
		};
		C497B6F02308CA2300DB043C /* Release */ = {
			isa = XCBuildConfiguration;
			baseConfigurationReference = 59105E38EC6B34CA2C1C545B /* Pods-SunshineUITests.release.xcconfig */;
			buildSettings = {
				ALWAYS_EMBED_SWIFT_STANDARD_LIBRARIES = YES;
				CODE_SIGN_STYLE = Automatic;
				DEVELOPMENT_TEAM = 45ZGNV2NAU;
				INFOPLIST_FILE = SunshineUITests/Info.plist;
				LD_RUNPATH_SEARCH_PATHS = (
					"$(inherited)",
					"@executable_path/Frameworks",
					"@loader_path/Frameworks",
				);
				PRODUCT_BUNDLE_IDENTIFIER = me.jerryhanks.SunshineUITests;
				PRODUCT_NAME = "$(TARGET_NAME)";
				SWIFT_VERSION = 5.0;
				TARGETED_DEVICE_FAMILY = "1,2";
				TEST_TARGET_NAME = Sunshine;
			};
			name = Release;
		};
/* End XCBuildConfiguration section */

/* Begin XCConfigurationList section */
		C497B6B82308CA2100DB043C /* Build configuration list for PBXProject "Sunshine" */ = {
			isa = XCConfigurationList;
			buildConfigurations = (
				C497B6E62308CA2300DB043C /* Debug */,
				C497B6E72308CA2300DB043C /* Release */,
			);
			defaultConfigurationIsVisible = 0;
			defaultConfigurationName = Release;
		};
		C497B6E82308CA2300DB043C /* Build configuration list for PBXNativeTarget "Sunshine" */ = {
			isa = XCConfigurationList;
			buildConfigurations = (
				C497B6E92308CA2300DB043C /* Debug */,
				C497B6EA2308CA2300DB043C /* Release */,
			);
			defaultConfigurationIsVisible = 0;
			defaultConfigurationName = Release;
		};
		C497B6EB2308CA2300DB043C /* Build configuration list for PBXNativeTarget "SunshineTests" */ = {
			isa = XCConfigurationList;
			buildConfigurations = (
				C497B6EC2308CA2300DB043C /* Debug */,
				C497B6ED2308CA2300DB043C /* Release */,
			);
			defaultConfigurationIsVisible = 0;
			defaultConfigurationName = Release;
		};
		C497B6EE2308CA2300DB043C /* Build configuration list for PBXNativeTarget "SunshineUITests" */ = {
			isa = XCConfigurationList;
			buildConfigurations = (
				C497B6EF2308CA2300DB043C /* Debug */,
				C497B6F02308CA2300DB043C /* Release */,
			);
			defaultConfigurationIsVisible = 0;
			defaultConfigurationName = Release;
		};
/* End XCConfigurationList section */

/* Begin XCVersionGroup section */
		C497B6C72308CA2100DB043C /* Sunshine.xcdatamodeld */ = {
			isa = XCVersionGroup;
			children = (
				C497B6C82308CA2100DB043C /* Sunshine.xcdatamodel */,
			);
			currentVersion = C497B6C82308CA2100DB043C /* Sunshine.xcdatamodel */;
			path = Sunshine.xcdatamodeld;
			sourceTree = "<group>";
			versionGroupType = wrapper.xcdatamodel;
		};
/* End XCVersionGroup section */
	};
	rootObject = C497B6B52308CA2100DB043C /* Project object */;
}
